// !$*UTF8*$!
{
	archiveVersion = 1;
	classes = {
	};
	objectVersion = 60;
	objects = {

/* Begin PBXBuildFile section */
		687C552D7D63619CA6F20BD4 /* Cocoa.framework in Frameworks */ = {isa = PBXBuildFile; fileRef = D7DCD59424C3B5F1B988E350 /* Cocoa.framework */; };
		BC7E37126F11DFD1CAF66AD5 /* Typeflux.icns in Resources */ = {isa = PBXBuildFile; fileRef = 0EF1DD4DF7DB34487F73A003 /* Typeflux.icns */; };
		E72FB606B9EB31D953A60119 /* TypefluxKit in Frameworks */ = {isa = PBXBuildFile; productRef = 63E2E255FBC0FB81F86D40A1 /* TypefluxKit */; };
		FFE5AAFDA9372C2F70CC005A /* TypefluxXcodeMain.swift in Sources */ = {isa = PBXBuildFile; fileRef = 4A81678B00497A889F3C9A71 /* TypefluxXcodeMain.swift */; };
/* End PBXBuildFile section */

/* Begin PBXFileReference section */
		0EF1DD4DF7DB34487F73A003 /* Typeflux.icns */ = {isa = PBXFileReference; includeInIndex = 1; lastKnownFileType = image.icns; name = Typeflux.icns; path = app/Typeflux.icns; sourceTree = "<group>"; };
		2DDB70C53E2097A89CFACB4F /* Typeflux.app */ = {isa = PBXFileReference; explicitFileType = wrapper.application; includeInIndex = 0; path = Typeflux.app; sourceTree = BUILT_PRODUCTS_DIR; };
		38F3926F848D24C49AE499C2 /* Typeflux.entitlements */ = {isa = PBXFileReference; includeInIndex = 1; lastKnownFileType = text.plist.entitlements; name = Typeflux.entitlements; path = app/Typeflux.entitlements; sourceTree = "<group>"; };
		4A81678B00497A889F3C9A71 /* TypefluxXcodeMain.swift */ = {isa = PBXFileReference; includeInIndex = 1; lastKnownFileType = sourcecode.swift; name = TypefluxXcodeMain.swift; path = app/TypefluxXcodeMain.swift; sourceTree = "<group>"; };
		933D640EAC9946F3AF4B13C0 /* Info.plist */ = {isa = PBXFileReference; includeInIndex = 1; lastKnownFileType = text.plist.xml; name = Info.plist; path = app/Info.plist; sourceTree = "<group>"; };
		A54B93972F97B94400E3730D /* TypefluxAppRelease.entitlements */ = {isa = PBXFileReference; lastKnownFileType = text.plist.entitlements; path = TypefluxAppRelease.entitlements; sourceTree = "<group>"; };
		D7DCD59424C3B5F1B988E350 /* Cocoa.framework */ = {isa = PBXFileReference; lastKnownFileType = wrapper.framework; name = Cocoa.framework; path = Platforms/MacOSX.platform/Developer/SDKs/MacOSX15.0.sdk/System/Library/Frameworks/Cocoa.framework; sourceTree = DEVELOPER_DIR; };
/* End PBXFileReference section */

/* Begin PBXFrameworksBuildPhase section */
		8943AFBD34EE783CE69C8BE8 /* Frameworks */ = {
			isa = PBXFrameworksBuildPhase;
			buildActionMask = 2147483647;
			files = (
				687C552D7D63619CA6F20BD4 /* Cocoa.framework in Frameworks */,
				E72FB606B9EB31D953A60119 /* TypefluxKit in Frameworks */,
			);
			runOnlyForDeploymentPostprocessing = 0;
		};
/* End PBXFrameworksBuildPhase section */

/* Begin PBXGroup section */
		6FE4BD7045DC024F0719B889 /* OS X */ = {
			isa = PBXGroup;
			children = (
				D7DCD59424C3B5F1B988E350 /* Cocoa.framework */,
			);
			name = "OS X";
			sourceTree = "<group>";
		};
		7471CC8E535D3AF17AFB03B7 = {
			isa = PBXGroup;
			children = (
				A54B93972F97B94400E3730D /* TypefluxAppRelease.entitlements */,
				7B0A6CC89F60A35356EAE68E /* Products */,
				CE9748FBCDCFB24152FC3E4C /* Frameworks */,
				E9845375B60BD7C71C9D4098 /* app */,
			);
			sourceTree = "<group>";
		};
		7B0A6CC89F60A35356EAE68E /* Products */ = {
			isa = PBXGroup;
			children = (
				2DDB70C53E2097A89CFACB4F /* Typeflux.app */,
			);
			name = Products;
			sourceTree = "<group>";
		};
		CE9748FBCDCFB24152FC3E4C /* Frameworks */ = {
			isa = PBXGroup;
			children = (
				6FE4BD7045DC024F0719B889 /* OS X */,
			);
			name = Frameworks;
			sourceTree = "<group>";
		};
		E9845375B60BD7C71C9D4098 /* app */ = {
			isa = PBXGroup;
			children = (
				4A81678B00497A889F3C9A71 /* TypefluxXcodeMain.swift */,
				0EF1DD4DF7DB34487F73A003 /* Typeflux.icns */,
				933D640EAC9946F3AF4B13C0 /* Info.plist */,
				38F3926F848D24C49AE499C2 /* Typeflux.entitlements */,
			);
			name = app;
			sourceTree = "<group>";
		};
/* End PBXGroup section */

/* Begin PBXNativeTarget section */
		D42AC802ACB13ABE04EA8A7B /* TypefluxApp */ = {
			isa = PBXNativeTarget;
			buildConfigurationList = 6BB9A270CE379F86CABF9B01 /* Build configuration list for PBXNativeTarget "TypefluxApp" */;
			buildPhases = (
				86C816A910313B4409387950 /* Sources */,
				8943AFBD34EE783CE69C8BE8 /* Frameworks */,
				D6B012BCF425A407570E90E6 /* Resources */,
			);
			buildRules = (
			);
			dependencies = (
			);
			name = TypefluxApp;
			packageProductDependencies = (
				63E2E255FBC0FB81F86D40A1 /* TypefluxKit */,
			);
			productName = Typeflux;
			productReference = 2DDB70C53E2097A89CFACB4F /* Typeflux.app */;
			productType = "com.apple.product-type.application";
		};
/* End PBXNativeTarget section */

/* Begin PBXProject section */
		3A9F08B0DDDAB878E7422879 /* Project object */ = {
			isa = PBXProject;
			attributes = {
				LastSwiftUpdateCheck = 1640;
				LastUpgradeCheck = 1640;
			};
			buildConfigurationList = A3620E3C9D02C3E37E0369F0 /* Build configuration list for PBXProject "TypefluxApp" */;
			compatibilityVersion = "Xcode 3.2";
			developmentRegion = en;
			hasScannedForEncodings = 0;
			knownRegions = (
				en,
				Base,
			);
			mainGroup = 7471CC8E535D3AF17AFB03B7;
			packageReferences = (
				75920B75E2F12E793BD5A629 /* XCLocalSwiftPackageReference "." */,
			);
			productRefGroup = 7B0A6CC89F60A35356EAE68E /* Products */;
			projectDirPath = "";
			projectRoot = "";
			targets = (
				D42AC802ACB13ABE04EA8A7B /* TypefluxApp */,
			);
		};
/* End PBXProject section */

/* Begin PBXResourcesBuildPhase section */
		D6B012BCF425A407570E90E6 /* Resources */ = {
			isa = PBXResourcesBuildPhase;
			buildActionMask = 2147483647;
			files = (
				BC7E37126F11DFD1CAF66AD5 /* Typeflux.icns in Resources */,
			);
			runOnlyForDeploymentPostprocessing = 0;
		};
/* End PBXResourcesBuildPhase section */

/* Begin PBXSourcesBuildPhase section */
		86C816A910313B4409387950 /* Sources */ = {
			isa = PBXSourcesBuildPhase;
			buildActionMask = 2147483647;
			files = (
				FFE5AAFDA9372C2F70CC005A /* TypefluxXcodeMain.swift in Sources */,
			);
			runOnlyForDeploymentPostprocessing = 0;
		};
/* End PBXSourcesBuildPhase section */

/* Begin XCBuildConfiguration section */
		20EFE73B2F92F05966120044 /* Release */ = {
			isa = XCBuildConfiguration;
			buildSettings = {
				ASSETCATALOG_COMPILER_APPICON_NAME = "";
				ASSETCATALOG_COMPILER_GLOBAL_ACCENT_COLOR_NAME = AccentColor;
				CODE_SIGN_ENTITLEMENTS = TypefluxAppRelease.entitlements;
				CODE_SIGN_STYLE = Automatic;
				COMBINE_HIDPI_IMAGES = YES;
				DEVELOPMENT_TEAM = N95437SZ2A;
				ENABLE_APP_SANDBOX = NO;
				ENABLE_HARDENED_RUNTIME = NO;
				GENERATE_INFOPLIST_FILE = NO;
				INFOPLIST_FILE = app/Info.plist;
				LD_RUNPATH_SEARCH_PATHS = (
					"$(inherited)",
					"@executable_path/../Frameworks",
				);
				MACOSX_DEPLOYMENT_TARGET = 13.0;
				PRODUCT_BUNDLE_IDENTIFIER = ai.gulu.app.typeflux;
				PRODUCT_MODULE_NAME = TypefluxAppRunner;
				PRODUCT_NAME = Typeflux;
				SDKROOT = macosx;
				SUPPORTED_PLATFORMS = macosx;
				SWIFT_VERSION = 5.9;
			};
			name = Release;
		};
		47E17F9325C88365F2A9460E /* Release */ = {
			isa = XCBuildConfiguration;
			buildSettings = {
				ALWAYS_SEARCH_USER_PATHS = NO;
				CLANG_ANALYZER_NONNULL = YES;
				CLANG_ANALYZER_NUMBER_OBJECT_CONVERSION = YES_AGGRESSIVE;
				CLANG_CXX_LANGUAGE_STANDARD = "gnu++14";
				CLANG_CXX_LIBRARY = "libc++";
				CLANG_ENABLE_MODULES = YES;
				CLANG_ENABLE_OBJC_ARC = YES;
				CLANG_ENABLE_OBJC_WEAK = YES;
				CLANG_WARN_BLOCK_CAPTURE_AUTORELEASING = YES;
				CLANG_WARN_BOOL_CONVERSION = YES;
				CLANG_WARN_COMMA = YES;
				CLANG_WARN_CONSTANT_CONVERSION = YES;
				CLANG_WARN_DEPRECATED_OBJC_IMPLEMENTATIONS = YES;
				CLANG_WARN_DIRECT_OBJC_ISA_USAGE = YES_ERROR;
				CLANG_WARN_DOCUMENTATION_COMMENTS = YES;
				CLANG_WARN_EMPTY_BODY = YES;
				CLANG_WARN_ENUM_CONVERSION = YES;
				CLANG_WARN_INFINITE_RECURSION = YES;
				CLANG_WARN_INT_CONVERSION = YES;
				CLANG_WARN_NON_LITERAL_NULL_CONVERSION = YES;
				CLANG_WARN_OBJC_IMPLICIT_RETAIN_SELF = YES;
				CLANG_WARN_OBJC_LITERAL_CONVERSION = YES;
				CLANG_WARN_OBJC_ROOT_CLASS = YES_ERROR;
				CLANG_WARN_QUOTED_INCLUDE_IN_FRAMEWORK_HEADER = YES;
				CLANG_WARN_RANGE_LOOP_ANALYSIS = YES;
				CLANG_WARN_STRICT_PROTOTYPES = YES;
				CLANG_WARN_SUSPICIOUS_MOVE = YES;
				CLANG_WARN_UNGUARDED_AVAILABILITY = YES_AGGRESSIVE;
				CLANG_WARN_UNREACHABLE_CODE = YES;
				CLANG_WARN__DUPLICATE_METHOD_MATCH = YES;
				COPY_PHASE_STRIP = NO;
				DEBUG_INFORMATION_FORMAT = "dwarf-with-dsym";
				ENABLE_NS_ASSERTIONS = NO;
				ENABLE_STRICT_OBJC_MSGSEND = YES;
				GCC_C_LANGUAGE_STANDARD = gnu11;
				GCC_NO_COMMON_BLOCKS = YES;
				GCC_WARN_64_TO_32_BIT_CONVERSION = YES;
				GCC_WARN_ABOUT_RETURN_TYPE = YES_ERROR;
				GCC_WARN_UNDECLARED_SELECTOR = YES;
				GCC_WARN_UNINITIALIZED_AUTOS = YES_AGGRESSIVE;
				GCC_WARN_UNUSED_FUNCTION = YES;
				GCC_WARN_UNUSED_VARIABLE = YES;
				MTL_ENABLE_DEBUG_INFO = NO;
				MTL_FAST_MATH = YES;
				PRODUCT_NAME = "$(TARGET_NAME)";
				SWIFT_COMPILATION_MODE = wholemodule;
				SWIFT_OPTIMIZATION_LEVEL = "-O";
				SWIFT_VERSION = 5.0;
			};
			name = Release;
		};
		6F4D481CA575CD043A022CA3 /* Debug */ = {
			isa = XCBuildConfiguration;
			buildSettings = {
				ASSETCATALOG_COMPILER_APPICON_NAME = "";
				ASSETCATALOG_COMPILER_GLOBAL_ACCENT_COLOR_NAME = AccentColor;
				CODE_SIGN_ENTITLEMENTS = app/Typeflux.entitlements;
				CODE_SIGN_STYLE = Automatic;
				COMBINE_HIDPI_IMAGES = YES;
				DEVELOPMENT_TEAM = N95437SZ2A;
				ENABLE_APP_SANDBOX = NO;
				ENABLE_HARDENED_RUNTIME = NO;
				GENERATE_INFOPLIST_FILE = NO;
				INFOPLIST_FILE = app/Info.plist;
				LD_RUNPATH_SEARCH_PATHS = (
					"$(inherited)",
					"@executable_path/../Frameworks",
				);
				MACOSX_DEPLOYMENT_TARGET = 13.0;
				PRODUCT_BUNDLE_IDENTIFIER = ai.gulu.app.typeflux;
				PRODUCT_MODULE_NAME = TypefluxAppRunner;
				PRODUCT_NAME = Typeflux;
				SDKROOT = macosx;
				SUPPORTED_PLATFORMS = macosx;
				SWIFT_VERSION = 5.9;
			};
			name = Debug;
		};
		93EB863DF220BE4CEDA4AFC7 /* Debug */ = {
			isa = XCBuildConfiguration;
			buildSettings = {
				ALWAYS_SEARCH_USER_PATHS = NO;
				CLANG_ANALYZER_NONNULL = YES;
				CLANG_ANALYZER_NUMBER_OBJECT_CONVERSION = YES_AGGRESSIVE;
				CLANG_CXX_LANGUAGE_STANDARD = "gnu++14";
				CLANG_CXX_LIBRARY = "libc++";
				CLANG_ENABLE_MODULES = YES;
				CLANG_ENABLE_OBJC_ARC = YES;
				CLANG_ENABLE_OBJC_WEAK = YES;
				CLANG_WARN_BLOCK_CAPTURE_AUTORELEASING = YES;
				CLANG_WARN_BOOL_CONVERSION = YES;
				CLANG_WARN_COMMA = YES;
				CLANG_WARN_CONSTANT_CONVERSION = YES;
				CLANG_WARN_DEPRECATED_OBJC_IMPLEMENTATIONS = YES;
				CLANG_WARN_DIRECT_OBJC_ISA_USAGE = YES_ERROR;
				CLANG_WARN_DOCUMENTATION_COMMENTS = YES;
				CLANG_WARN_EMPTY_BODY = YES;
				CLANG_WARN_ENUM_CONVERSION = YES;
				CLANG_WARN_INFINITE_RECURSION = YES;
				CLANG_WARN_INT_CONVERSION = YES;
				CLANG_WARN_NON_LITERAL_NULL_CONVERSION = YES;
				CLANG_WARN_OBJC_IMPLICIT_RETAIN_SELF = YES;
				CLANG_WARN_OBJC_LITERAL_CONVERSION = YES;
				CLANG_WARN_OBJC_ROOT_CLASS = YES_ERROR;
				CLANG_WARN_QUOTED_INCLUDE_IN_FRAMEWORK_HEADER = YES;
				CLANG_WARN_RANGE_LOOP_ANALYSIS = YES;
				CLANG_WARN_STRICT_PROTOTYPES = YES;
				CLANG_WARN_SUSPICIOUS_MOVE = YES;
				CLANG_WARN_UNGUARDED_AVAILABILITY = YES_AGGRESSIVE;
				CLANG_WARN_UNREACHABLE_CODE = YES;
				CLANG_WARN__DUPLICATE_METHOD_MATCH = YES;
				COPY_PHASE_STRIP = NO;
				DEBUG_INFORMATION_FORMAT = dwarf;
				ENABLE_STRICT_OBJC_MSGSEND = YES;
				ENABLE_TESTABILITY = YES;
				GCC_C_LANGUAGE_STANDARD = gnu11;
				GCC_DYNAMIC_NO_PIC = NO;
				GCC_NO_COMMON_BLOCKS = YES;
				GCC_OPTIMIZATION_LEVEL = 0;
				GCC_PREPROCESSOR_DEFINITIONS = (
					"DEBUG=1",
					"$(inherited)",
				);
				GCC_WARN_64_TO_32_BIT_CONVERSION = YES;
				GCC_WARN_ABOUT_RETURN_TYPE = YES_ERROR;
				GCC_WARN_UNDECLARED_SELECTOR = YES;
				GCC_WARN_UNINITIALIZED_AUTOS = YES_AGGRESSIVE;
				GCC_WARN_UNUSED_FUNCTION = YES;
				GCC_WARN_UNUSED_VARIABLE = YES;
				MTL_ENABLE_DEBUG_INFO = INCLUDE_SOURCE;
				MTL_FAST_MATH = YES;
				ONLY_ACTIVE_ARCH = YES;
				PRODUCT_NAME = "$(TARGET_NAME)";
				SWIFT_ACTIVE_COMPILATION_CONDITIONS = DEBUG;
				SWIFT_OPTIMIZATION_LEVEL = "-Onone";
				SWIFT_VERSION = 5.0;
			};
			name = Debug;
		};
/* End XCBuildConfiguration section */

/* Begin XCConfigurationList section */
		6BB9A270CE379F86CABF9B01 /* Build configuration list for PBXNativeTarget "TypefluxApp" */ = {
			isa = XCConfigurationList;
			buildConfigurations = (
				20EFE73B2F92F05966120044 /* Release */,
				6F4D481CA575CD043A022CA3 /* Debug */,
			);
			defaultConfigurationIsVisible = 0;
			defaultConfigurationName = Release;
		};
		A3620E3C9D02C3E37E0369F0 /* Build configuration list for PBXProject "TypefluxApp" */ = {
			isa = XCConfigurationList;
			buildConfigurations = (
				93EB863DF220BE4CEDA4AFC7 /* Debug */,
				47E17F9325C88365F2A9460E /* Release */,
			);
			defaultConfigurationIsVisible = 0;
			defaultConfigurationName = Release;
		};
/* End XCConfigurationList section */

/* Begin XCLocalSwiftPackageReference section */
		75920B75E2F12E793BD5A629 /* XCLocalSwiftPackageReference "." */ = {
			isa = XCLocalSwiftPackageReference;
			relativePath = .;
		};
/* End XCLocalSwiftPackageReference section */

/* Begin XCSwiftPackageProductDependency section */
		63E2E255FBC0FB81F86D40A1 /* TypefluxKit */ = {
			isa = XCSwiftPackageProductDependency;
			productName = TypefluxKit;
		};
/* End XCSwiftPackageProductDependency section */
	};
	rootObject = 3A9F08B0DDDAB878E7422879 /* Project object */;
}
