// !$*UTF8*$!
{
	archiveVersion = 1;
	classes = {};
	objectVersion = 60;
	objects = {
        000000000000000000000008 = { isa = PBXGroup; children = (00000000000000000000012E); path = TypefluxIOSUITests; sourceTree = "<group>"; };
        000000000000000000000009 = { isa = PBXFileReference; explicitFileType = wrapper.cfbundle; includeInIndex = 0; path = TypefluxIOSUITests.xctest; sourceTree = BUILT_PRODUCTS_DIR; };
        00000000000000000000012E = { isa = PBXFileReference; lastKnownFileType = sourcecode.swift; path = ChatFlowTests.swift; sourceTree = "<group>"; };
        000000000000000000000192 = { isa = PBXBuildFile; fileRef = 00000000000000000000012E; };
        00000000000000000000000C = { isa = PBXNativeTarget; buildConfigurationList = 000000000000000000000040; buildPhases = (000000000000000000000043,000000000000000000000044); buildRules = (); dependencies = (000000000000000000000028); name = TypefluxIOSUITests; productName = TypefluxIOSUITests; productReference = 000000000000000000000009; productType = "com.apple.product-type.bundle.ui-testing"; };
        000000000000000000000040 = { isa = XCConfigurationList; buildConfigurations = (000000000000000000000041,000000000000000000000042); defaultConfigurationIsVisible = 0; defaultConfigurationName = Release; };
        000000000000000000000041 = { isa = XCBuildConfiguration; buildSettings = { CODE_SIGN_STYLE = Automatic; GENERATE_INFOPLIST_FILE = YES; PRODUCT_BUNDLE_IDENTIFIER = app.typeflux.ios.uitests; PRODUCT_NAME = "$(TARGET_NAME)"; SUPPORTED_PLATFORMS = "iphoneos iphonesimulator"; TARGETED_DEVICE_FAMILY = "1,2"; TEST_TARGET_NAME = TypefluxIOS; }; name = Debug; };
        000000000000000000000042 = { isa = XCBuildConfiguration; buildSettings = { CODE_SIGN_STYLE = Automatic; GENERATE_INFOPLIST_FILE = YES; PRODUCT_BUNDLE_IDENTIFIER = app.typeflux.ios.uitests; PRODUCT_NAME = "$(TARGET_NAME)"; SUPPORTED_PLATFORMS = "iphoneos iphonesimulator"; TARGETED_DEVICE_FAMILY = "1,2"; TEST_TARGET_NAME = TypefluxIOS; }; name = Release; };
        000000000000000000000043 = { isa = PBXSourcesBuildPhase; buildActionMask = 2147483647; files = (000000000000000000000192); runOnlyForDeploymentPostprocessing = 0; };
        000000000000000000000044 = { isa = PBXFrameworksBuildPhase; buildActionMask = 2147483647; files = (); runOnlyForDeploymentPostprocessing = 0; };

		000000000000000000000064 = { isa = PBXFileReference; lastKnownFileType = sourcecode.swift; path = ChatDetailView.swift; sourceTree = "<group>"; };
		0000000000000000000000C8 = { isa = PBXBuildFile; fileRef = 000000000000000000000064; };
		000000000000000000000065 = { isa = PBXFileReference; lastKnownFileType = sourcecode.swift; path = ChatRootView.swift; sourceTree = "<group>"; };
		0000000000000000000000C9 = { isa = PBXBuildFile; fileRef = 000000000000000000000065; };
		000000000000000000000066 = { isa = PBXFileReference; lastKnownFileType = sourcecode.swift; path = ChatStore.swift; sourceTree = "<group>"; };
		0000000000000000000000CA = { isa = PBXBuildFile; fileRef = 000000000000000000000066; };
		000000000000000000000067 = { isa = PBXFileReference; lastKnownFileType = sourcecode.swift; path = CredentialStore.swift; sourceTree = "<group>"; };
		0000000000000000000000CB = { isa = PBXBuildFile; fileRef = 000000000000000000000067; };
		000000000000000000000068 = { isa = PBXFileReference; lastKnownFileType = sourcecode.swift; path = ImageAttachment.swift; sourceTree = "<group>"; };
		0000000000000000000000CC = { isa = PBXBuildFile; fileRef = 000000000000000000000068; };
		000000000000000000000069 = { isa = PBXFileReference; lastKnownFileType = sourcecode.swift; path = LoginView.swift; sourceTree = "<group>"; };
		0000000000000000000000CD = { isa = PBXBuildFile; fileRef = 000000000000000000000069; };
		00000000000000000000006A = { isa = PBXFileReference; lastKnownFileType = sourcecode.swift; path = SyntheticPreview.swift; sourceTree = "<group>"; };
		0000000000000000000000CE = { isa = PBXBuildFile; fileRef = 00000000000000000000006A; };
		00000000000000000000006B = { isa = PBXFileReference; lastKnownFileType = sourcecode.swift; path = TypefluxIOSApp.swift; sourceTree = "<group>"; };
		0000000000000000000000CF = { isa = PBXBuildFile; fileRef = 00000000000000000000006B; };
		00000000000000000000012C = { isa = PBXFileReference; lastKnownFileType = sourcecode.swift; path = ChatStoreTests.swift; sourceTree = "<group>"; };
		000000000000000000000190 = { isa = PBXBuildFile; fileRef = 00000000000000000000012C; };
		00000000000000000000012D = { isa = PBXFileReference; lastKnownFileType = sourcecode.swift; path = PlatformTests.swift; sourceTree = "<group>"; };
		000000000000000000000191 = { isa = PBXBuildFile; fileRef = 00000000000000000000012D; };
		000000000000000000000001 = { isa = PBXProject; attributes = { BuildIndependentTargetsInParallel = YES; LastSwiftUpdateCheck = 2700; LastUpgradeCheck = 2700; }; buildConfigurationList = 000000000000000000000014; compatibilityVersion = "Xcode 15.0"; developmentRegion = en; hasScannedForEncodings = 0; knownRegions = (en,Base); mainGroup = 000000000000000000000002; productRefGroup = 000000000000000000000005; projectDirPath = ""; projectRoot = ""; targets = (00000000000000000000000A,00000000000000000000000B,00000000000000000000000C); packageReferences = (000000000000000000000032); };
		000000000000000000000002 = { isa = PBXGroup; children = (000000000000000000000003,000000000000000000000004,000000000000000000000008,000000000000000000000005); sourceTree = "<group>"; };
		000000000000000000000003 = { isa = PBXGroup; children = (000000000000000000000064,000000000000000000000065,000000000000000000000066,000000000000000000000067,000000000000000000000068,000000000000000000000069,00000000000000000000006A,00000000000000000000006B,00000000000000000000003C,00000000000000000000003D,); path = TypefluxIOS; sourceTree = "<group>"; };
		000000000000000000000004 = { isa = PBXGroup; children = (00000000000000000000012C,00000000000000000000012D,); path = TypefluxIOSTests; sourceTree = "<group>"; };
		000000000000000000000005 = { isa = PBXGroup; children = (000000000000000000000006,000000000000000000000007,000000000000000000000009); name = Products; sourceTree = "<group>"; };
		000000000000000000000006 = { isa = PBXFileReference; explicitFileType = wrapper.application; includeInIndex = 0; path = TypefluxIOS.app; sourceTree = BUILT_PRODUCTS_DIR; };
		000000000000000000000007 = { isa = PBXFileReference; explicitFileType = wrapper.cfbundle; includeInIndex = 0; path = TypefluxIOSTests.xctest; sourceTree = BUILT_PRODUCTS_DIR; };
		00000000000000000000000A = { isa = PBXNativeTarget; buildConfigurationList = 000000000000000000000015; buildPhases = (00000000000000000000001E,00000000000000000000001F,000000000000000000000020); buildRules = (); dependencies = (); name = TypefluxIOS; packageProductDependencies = (000000000000000000000033); productName = TypefluxIOS; productReference = 000000000000000000000006; productType = "com.apple.product-type.application"; };
		00000000000000000000000B = { isa = PBXNativeTarget; buildConfigurationList = 000000000000000000000016; buildPhases = (000000000000000000000021,000000000000000000000022); buildRules = (); dependencies = (000000000000000000000028); name = TypefluxIOSTests; packageProductDependencies = (000000000000000000000033); productName = TypefluxIOSTests; productReference = 000000000000000000000007; productType = "com.apple.product-type.bundle.unit-test"; };
		000000000000000000000014 = { isa = XCConfigurationList; buildConfigurations = (000000000000000000000017,000000000000000000000018,); defaultConfigurationIsVisible = 0; defaultConfigurationName = Release; };
		000000000000000000000015 = { isa = XCConfigurationList; buildConfigurations = (000000000000000000000019,00000000000000000000001A,); defaultConfigurationIsVisible = 0; defaultConfigurationName = Release; };
		000000000000000000000016 = { isa = XCConfigurationList; buildConfigurations = (00000000000000000000001B,00000000000000000000001C,); defaultConfigurationIsVisible = 0; defaultConfigurationName = Release; };
		000000000000000000000017 = { isa = XCBuildConfiguration; buildSettings = {CLANG_ENABLE_MODULES = YES; CLANG_ENABLE_OBJC_ARC = YES; IPHONEOS_DEPLOYMENT_TARGET = 17.0; SDKROOT = iphoneos; SWIFT_VERSION = 6.0; SWIFT_STRICT_CONCURRENCY = complete; SWIFT_APPROACHABLE_CONCURRENCY = YES; ENABLE_USER_SCRIPT_SANDBOXING = YES; DEBUG_INFORMATION_FORMAT = dwarf; ENABLE_TESTABILITY = YES; GCC_OPTIMIZATION_LEVEL = 0; ONLY_ACTIVE_ARCH = YES; SWIFT_OPTIMIZATION_LEVEL = "-Onone"; SWIFT_ACTIVE_COMPILATION_CONDITIONS = DEBUG; }; name = Debug; };
		000000000000000000000018 = { isa = XCBuildConfiguration; buildSettings = {CLANG_ENABLE_MODULES = YES; CLANG_ENABLE_OBJC_ARC = YES; IPHONEOS_DEPLOYMENT_TARGET = 17.0; SDKROOT = iphoneos; SWIFT_VERSION = 6.0; SWIFT_STRICT_CONCURRENCY = complete; SWIFT_APPROACHABLE_CONCURRENCY = YES; ENABLE_USER_SCRIPT_SANDBOXING = YES; DEBUG_INFORMATION_FORMAT = "dwarf-with-dsym"; SWIFT_COMPILATION_MODE = wholemodule; VALIDATE_PRODUCT = YES; }; name = Release; };
		000000000000000000000019 = { isa = XCBuildConfiguration; buildSettings = {ASSETCATALOG_COMPILER_APPICON_NAME = AppIcon; CODE_SIGN_STYLE = Automatic; CURRENT_PROJECT_VERSION = 1; GENERATE_INFOPLIST_FILE = NO; INFOPLIST_FILE = TypefluxIOS/Info.plist; LD_RUNPATH_SEARCH_PATHS = "$(inherited) @executable_path/Frameworks"; MARKETING_VERSION = 0.1.0; PRODUCT_BUNDLE_IDENTIFIER = app.typeflux.ios; PRODUCT_NAME = "$(TARGET_NAME)"; SUPPORTED_PLATFORMS = "iphoneos iphonesimulator"; SUPPORTS_MACCATALYST = NO; SWIFT_DEFAULT_ACTOR_ISOLATION = MainActor; TARGETED_DEVICE_FAMILY = "1,2"; TYPEFLUX_API_URL = "https://api.typeflux.app";}; name = Debug; };
		00000000000000000000001A = { isa = XCBuildConfiguration; buildSettings = {ASSETCATALOG_COMPILER_APPICON_NAME = AppIcon; CODE_SIGN_STYLE = Automatic; CURRENT_PROJECT_VERSION = 1; GENERATE_INFOPLIST_FILE = NO; INFOPLIST_FILE = TypefluxIOS/Info.plist; LD_RUNPATH_SEARCH_PATHS = "$(inherited) @executable_path/Frameworks"; MARKETING_VERSION = 0.1.0; PRODUCT_BUNDLE_IDENTIFIER = app.typeflux.ios; PRODUCT_NAME = "$(TARGET_NAME)"; SUPPORTED_PLATFORMS = "iphoneos iphonesimulator"; SUPPORTS_MACCATALYST = NO; SWIFT_DEFAULT_ACTOR_ISOLATION = MainActor; TARGETED_DEVICE_FAMILY = "1,2"; TYPEFLUX_API_URL = "https://api.typeflux.app";}; name = Release; };
		00000000000000000000001B = { isa = XCBuildConfiguration; buildSettings = {BUNDLE_LOADER = "$(TEST_HOST)"; CODE_SIGN_STYLE = Automatic; GENERATE_INFOPLIST_FILE = YES; PRODUCT_BUNDLE_IDENTIFIER = app.typeflux.ios.tests; PRODUCT_NAME = "$(TARGET_NAME)"; SUPPORTED_PLATFORMS = "iphoneos iphonesimulator"; SWIFT_DEFAULT_ACTOR_ISOLATION = MainActor; TARGETED_DEVICE_FAMILY = "1,2"; TEST_HOST = "$(BUILT_PRODUCTS_DIR)/TypefluxIOS.app/$(BUNDLE_EXECUTABLE_FOLDER_PATH)/TypefluxIOS";}; name = Debug; };
		00000000000000000000001C = { isa = XCBuildConfiguration; buildSettings = {BUNDLE_LOADER = "$(TEST_HOST)"; CODE_SIGN_STYLE = Automatic; GENERATE_INFOPLIST_FILE = YES; PRODUCT_BUNDLE_IDENTIFIER = app.typeflux.ios.tests; PRODUCT_NAME = "$(TARGET_NAME)"; SUPPORTED_PLATFORMS = "iphoneos iphonesimulator"; SWIFT_DEFAULT_ACTOR_ISOLATION = MainActor; TARGETED_DEVICE_FAMILY = "1,2"; TEST_HOST = "$(BUILT_PRODUCTS_DIR)/TypefluxIOS.app/$(BUNDLE_EXECUTABLE_FOLDER_PATH)/TypefluxIOS";}; name = Release; };
		00000000000000000000001E = { isa = PBXSourcesBuildPhase; buildActionMask = 2147483647; files = (0000000000000000000000C8,0000000000000000000000C9,0000000000000000000000CA,0000000000000000000000CB,0000000000000000000000CC,0000000000000000000000CD,0000000000000000000000CE,0000000000000000000000CF,); runOnlyForDeploymentPostprocessing = 0; };
		00000000000000000000001F = { isa = PBXFrameworksBuildPhase; buildActionMask = 2147483647; files = (000000000000000000000034,); runOnlyForDeploymentPostprocessing = 0; };
		000000000000000000000020 = { isa = PBXResourcesBuildPhase; buildActionMask = 2147483647; files = (00000000000000000000003E,); runOnlyForDeploymentPostprocessing = 0; };
		000000000000000000000021 = { isa = PBXSourcesBuildPhase; buildActionMask = 2147483647; files = (000000000000000000000190,000000000000000000000191,); runOnlyForDeploymentPostprocessing = 0; };
		000000000000000000000022 = { isa = PBXFrameworksBuildPhase; buildActionMask = 2147483647; files = (000000000000000000000035,); runOnlyForDeploymentPostprocessing = 0; };
		000000000000000000000028 = { isa = PBXTargetDependency; target = 00000000000000000000000A; targetProxy = 000000000000000000000029; };
		000000000000000000000029 = { isa = PBXContainerItemProxy; containerPortal = 000000000000000000000001; proxyType = 1; remoteGlobalIDString = 00000000000000000000000A; remoteInfo = TypefluxIOS; };
		000000000000000000000032 = { isa = XCLocalSwiftPackageReference; relativePath = ../../Packages/TypefluxChat; };
		000000000000000000000033 = { isa = XCSwiftPackageProductDependency; package = 000000000000000000000032; productName = TypefluxChat; };
		000000000000000000000034 = { isa = PBXBuildFile; productRef = 000000000000000000000033; };
		000000000000000000000035 = { isa = PBXBuildFile; productRef = 000000000000000000000033; };
		00000000000000000000003C = { isa = PBXFileReference; lastKnownFileType = text.plist.xml; path = Info.plist; sourceTree = "<group>"; };
		00000000000000000000003D = { isa = PBXFileReference; lastKnownFileType = folder.assetcatalog; path = Assets.xcassets; sourceTree = "<group>"; };
		00000000000000000000003E = { isa = PBXBuildFile; fileRef = 00000000000000000000003D; };
	};
	rootObject = 000000000000000000000001;
}
